// !$*UTF8*$!
{
	archiveVersion = 1;
	classes = {
	};
	objectVersion = 46;
	objects = {

/* Begin PBXBuildFile section */
		186CA65D1B4F4F890045A3A8 /* Dog0.mp3 in Resources */ = {isa = PBXBuildFile; fileRef = 186CA6511B4F4F890045A3A8 /* Dog0.mp3 */; };
		186CA65E1B4F4F890045A3A8 /* Dog1.mp3 in Resources */ = {isa = PBXBuildFile; fileRef = 186CA6521B4F4F890045A3A8 /* Dog1.mp3 */; };
		186CA65F1B4F4F890045A3A8 /* Dog2.mp3 in Resources */ = {isa = PBXBuildFile; fileRef = 186CA6531B4F4F890045A3A8 /* Dog2.mp3 */; };
		186CA6601B4F4F890045A3A8 /* Dog3.mp3 in Resources */ = {isa = PBXBuildFile; fileRef = 186CA6541B4F4F890045A3A8 /* Dog3.mp3 */; };
		186CA6611B4F4F890045A3A8 /* Dog4.mp3 in Resources */ = {isa = PBXBuildFile; fileRef = 186CA6551B4F4F890045A3A8 /* Dog4.mp3 */; };
		186CA6621B4F4F890045A3A8 /* Dog5.mp3 in Resources */ = {isa = PBXBuildFile; fileRef = 186CA6561B4F4F890045A3A8 /* Dog5.mp3 */; };
		186CA6631B4F4F890045A3A8 /* Dog6.mp3 in Resources */ = {isa = PBXBuildFile; fileRef = 186CA6571B4F4F890045A3A8 /* Dog6.mp3 */; };
		186CA6641B4F4F890045A3A8 /* Dog7.mp3 in Resources */ = {isa = PBXBuildFile; fileRef = 186CA6581B4F4F890045A3A8 /* Dog7.mp3 */; };
		186CA6651B4F4F890045A3A8 /* Dog8.mp3 in Resources */ = {isa = PBXBuildFile; fileRef = 186CA6591B4F4F890045A3A8 /* Dog8.mp3 */; };
		186CA6661B4F4F890045A3A8 /* Dog9.mp3 in Resources */ = {isa = PBXBuildFile; fileRef = 186CA65A1B4F4F890045A3A8 /* Dog9.mp3 */; };
		186CA6671B4F4F890045A3A8 /* Dog10.mp3 in Resources */ = {isa = PBXBuildFile; fileRef = 186CA65B1B4F4F890045A3A8 /* Dog10.mp3 */; };
		186CA6681B4F4F890045A3A8 /* Dog11.mp3 in Resources */ = {isa = PBXBuildFile; fileRef = 186CA65C1B4F4F890045A3A8 /* Dog11.mp3 */; };
		186CA66C1B4F50110045A3A8 /* AVFoundation.framework in Frameworks */ = {isa = PBXBuildFile; fileRef = 186CA66B1B4F50110045A3A8 /* AVFoundation.framework */; };
		18B52F181B4DCB7A00C1C458 /* AppDelegate.swift in Sources */ = {isa = PBXBuildFile; fileRef = 18B52F171B4DCB7A00C1C458 /* AppDelegate.swift */; };
		18B52F1A1B4DCB7A00C1C458 /* ViewController.swift in Sources */ = {isa = PBXBuildFile; fileRef = 18B52F191B4DCB7A00C1C458 /* ViewController.swift */; };
		18B52F1D1B4DCB7A00C1C458 /* Main.storyboard in Resources */ = {isa = PBXBuildFile; fileRef = 18B52F1B1B4DCB7A00C1C458 /* Main.storyboard */; };
		18B52F221B4DCB7A00C1C458 /* LaunchScreen.xib in Resources */ = {isa = PBXBuildFile; fileRef = 18B52F201B4DCB7A00C1C458 /* LaunchScreen.xib */; };
		18B52F2E1B4DCB7A00C1C458 /* WoofMeowTests.swift in Sources */ = {isa = PBXBuildFile; fileRef = 18B52F2D1B4DCB7A00C1C458 /* WoofMeowTests.swift */; };
		18B52F661B4E318400C1C458 /* XHPet.swift in Sources */ = {isa = PBXBuildFile; fileRef = 18B52F651B4E318400C1C458 /* XHPet.swift */; };
		18B52F681B4E354700C1C458 /* XHPetSet.swift in Sources */ = {isa = PBXBuildFile; fileRef = 18B52F671B4E354700C1C458 /* XHPetSet.swift */; };
		18BB34BA1B4F72B9002A5647 /* MeowViewController.swift in Sources */ = {isa = PBXBuildFile; fileRef = 18BB34B91B4F72B8002A5647 /* MeowViewController.swift */; };
		18BB34BC1B4F73BE002A5647 /* placeholder.mp3 in Resources */ = {isa = PBXBuildFile; fileRef = 18BB34BB1B4F73BE002A5647 /* placeholder.mp3 */; };
		18DE13281B50A22D007A4020 /* Cat0.mp3 in Resources */ = {isa = PBXBuildFile; fileRef = 18DE131C1B50A22D007A4020 /* Cat0.mp3 */; };
		18DE13291B50A22D007A4020 /* Cat1.mp3 in Resources */ = {isa = PBXBuildFile; fileRef = 18DE131D1B50A22D007A4020 /* Cat1.mp3 */; };
		18DE132A1B50A22D007A4020 /* Cat2.mp3 in Resources */ = {isa = PBXBuildFile; fileRef = 18DE131E1B50A22D007A4020 /* Cat2.mp3 */; };
		18DE132B1B50A22D007A4020 /* Cat3.mp3 in Resources */ = {isa = PBXBuildFile; fileRef = 18DE131F1B50A22D007A4020 /* Cat3.mp3 */; };
		18DE132C1B50A22D007A4020 /* Cat4.mp3 in Resources */ = {isa = PBXBuildFile; fileRef = 18DE13201B50A22D007A4020 /* Cat4.mp3 */; };
		18DE132D1B50A22D007A4020 /* Cat5.mp3 in Resources */ = {isa = PBXBuildFile; fileRef = 18DE13211B50A22D007A4020 /* Cat5.mp3 */; };
		18DE132E1B50A22D007A4020 /* Cat6.mp3 in Resources */ = {isa = PBXBuildFile; fileRef = 18DE13221B50A22D007A4020 /* Cat6.mp3 */; };
		18DE132F1B50A22D007A4020 /* Cat7.mp3 in Resources */ = {isa = PBXBuildFile; fileRef = 18DE13231B50A22D007A4020 /* Cat7.mp3 */; };
		18DE13301B50A22D007A4020 /* Cat8.mp3 in Resources */ = {isa = PBXBuildFile; fileRef = 18DE13241B50A22D007A4020 /* Cat8.mp3 */; };
		18DE13311B50A22D007A4020 /* Cat9.mp3 in Resources */ = {isa = PBXBuildFile; fileRef = 18DE13251B50A22D007A4020 /* Cat9.mp3 */; };
		18DE13331B50A22D007A4020 /* Cat11.mp3 in Resources */ = {isa = PBXBuildFile; fileRef = 18DE13271B50A22D007A4020 /* Cat11.mp3 */; };
		18DE13381B50A3C6007A4020 /* Cat10.mp3 in Resources */ = {isa = PBXBuildFile; fileRef = 18DE13371B50A3C6007A4020 /* Cat10.mp3 */; };
		18F428161B51C7CF000E3C0D /* AboutViewController.swift in Sources */ = {isa = PBXBuildFile; fileRef = 18F428151B51C7CF000E3C0D /* AboutViewController.swift */; };
		18F428181B51D255000E3C0D /* MessageUI.framework in Frameworks */ = {isa = PBXBuildFile; fileRef = 18F428171B51D255000E3C0D /* MessageUI.framework */; };
		18F428221B522068000E3C0D /* Images.xcassets in Resources */ = {isa = PBXBuildFile; fileRef = 18F428211B522068000E3C0D /* Images.xcassets */; };
/* End PBXBuildFile section */

/* Begin PBXContainerItemProxy section */
		18B52F281B4DCB7A00C1C458 /* PBXContainerItemProxy */ = {
			isa = PBXContainerItemProxy;
			containerPortal = 18B52F0A1B4DCB7A00C1C458 /* Project object */;
			proxyType = 1;
			remoteGlobalIDString = 18B52F111B4DCB7A00C1C458;
			remoteInfo = WoofMeow;
		};
/* End PBXContainerItemProxy section */

/* Begin PBXFileReference section */
		186CA6511B4F4F890045A3A8 /* Dog0.mp3 */ = {isa = PBXFileReference; lastKnownFileType = audio.mp3; path = Dog0.mp3; sourceTree = "<group>"; };
		186CA6521B4F4F890045A3A8 /* Dog1.mp3 */ = {isa = PBXFileReference; lastKnownFileType = audio.mp3; path = Dog1.mp3; sourceTree = "<group>"; };
		186CA6531B4F4F890045A3A8 /* Dog2.mp3 */ = {isa = PBXFileReference; lastKnownFileType = audio.mp3; path = Dog2.mp3; sourceTree = "<group>"; };
		186CA6541B4F4F890045A3A8 /* Dog3.mp3 */ = {isa = PBXFileReference; lastKnownFileType = audio.mp3; path = Dog3.mp3; sourceTree = "<group>"; };
		186CA6551B4F4F890045A3A8 /* Dog4.mp3 */ = {isa = PBXFileReference; lastKnownFileType = audio.mp3; path = Dog4.mp3; sourceTree = "<group>"; };
		186CA6561B4F4F890045A3A8 /* Dog5.mp3 */ = {isa = PBXFileReference; lastKnownFileType = audio.mp3; path = Dog5.mp3; sourceTree = "<group>"; };
		186CA6571B4F4F890045A3A8 /* Dog6.mp3 */ = {isa = PBXFileReference; lastKnownFileType = audio.mp3; path = Dog6.mp3; sourceTree = "<group>"; };
		186CA6581B4F4F890045A3A8 /* Dog7.mp3 */ = {isa = PBXFileReference; lastKnownFileType = audio.mp3; path = Dog7.mp3; sourceTree = "<group>"; };
		186CA6591B4F4F890045A3A8 /* Dog8.mp3 */ = {isa = PBXFileReference; lastKnownFileType = audio.mp3; path = Dog8.mp3; sourceTree = "<group>"; };
		186CA65A1B4F4F890045A3A8 /* Dog9.mp3 */ = {isa = PBXFileReference; lastKnownFileType = audio.mp3; path = Dog9.mp3; sourceTree = "<group>"; };
		186CA65B1B4F4F890045A3A8 /* Dog10.mp3 */ = {isa = PBXFileReference; lastKnownFileType = audio.mp3; path = Dog10.mp3; sourceTree = "<group>"; };
		186CA65C1B4F4F890045A3A8 /* Dog11.mp3 */ = {isa = PBXFileReference; lastKnownFileType = audio.mp3; path = Dog11.mp3; sourceTree = "<group>"; };
		186CA66B1B4F50110045A3A8 /* AVFoundation.framework */ = {isa = PBXFileReference; lastKnownFileType = wrapper.framework; name = AVFoundation.framework; path = System/Library/Frameworks/AVFoundation.framework; sourceTree = SDKROOT; };
		18B52F121B4DCB7A00C1C458 /* WoofMeow.app */ = {isa = PBXFileReference; explicitFileType = wrapper.application; includeInIndex = 0; path = WoofMeow.app; sourceTree = BUILT_PRODUCTS_DIR; };
		18B52F161B4DCB7A00C1C458 /* Info.plist */ = {isa = PBXFileReference; lastKnownFileType = text.plist.xml; path = Info.plist; sourceTree = "<group>"; };
		18B52F171B4DCB7A00C1C458 /* AppDelegate.swift */ = {isa = PBXFileReference; lastKnownFileType = sourcecode.swift; path = AppDelegate.swift; sourceTree = "<group>"; };
		18B52F191B4DCB7A00C1C458 /* ViewController.swift */ = {isa = PBXFileReference; lastKnownFileType = sourcecode.swift; path = ViewController.swift; sourceTree = "<group>"; };
		18B52F1C1B4DCB7A00C1C458 /* Base */ = {isa = PBXFileReference; lastKnownFileType = file.storyboard; name = Base; path = Base.lproj/Main.storyboard; sourceTree = "<group>"; };
		18B52F211B4DCB7A00C1C458 /* Base */ = {isa = PBXFileReference; lastKnownFileType = file.xib; name = Base; path = Base.lproj/LaunchScreen.xib; sourceTree = "<group>"; };
		18B52F271B4DCB7A00C1C458 /* WoofMeowTests.xctest */ = {isa = PBXFileReference; explicitFileType = wrapper.cfbundle; includeInIndex = 0; path = WoofMeowTests.xctest; sourceTree = BUILT_PRODUCTS_DIR; };
		18B52F2C1B4DCB7A00C1C458 /* Info.plist */ = {isa = PBXFileReference; lastKnownFileType = text.plist.xml; path = Info.plist; sourceTree = "<group>"; };
		18B52F2D1B4DCB7A00C1C458 /* WoofMeowTests.swift */ = {isa = PBXFileReference; lastKnownFileType = sourcecode.swift; path = WoofMeowTests.swift; sourceTree = "<group>"; };
		18B52F651B4E318400C1C458 /* XHPet.swift */ = {isa = PBXFileReference; fileEncoding = 4; lastKnownFileType = sourcecode.swift; path = XHPet.swift; sourceTree = "<group>"; };
		18B52F671B4E354700C1C458 /* XHPetSet.swift */ = {isa = PBXFileReference; fileEncoding = 4; lastKnownFileType = sourcecode.swift; path = XHPetSet.swift; sourceTree = "<group>"; };
		18BB34B91B4F72B8002A5647 /* MeowViewController.swift */ = {isa = PBXFileReference; fileEncoding = 4; lastKnownFileType = sourcecode.swift; name = MeowViewController.swift; path = ../MeowViewController.swift; sourceTree = "<group>"; };
		18BB34BB1B4F73BE002A5647 /* placeholder.mp3 */ = {isa = PBXFileReference; lastKnownFileType = audio.mp3; path = placeholder.mp3; sourceTree = "<group>"; };
		18DE131C1B50A22D007A4020 /* Cat0.mp3 */ = {isa = PBXFileReference; lastKnownFileType = audio.mp3; path = Cat0.mp3; sourceTree = "<group>"; };
		18DE131D1B50A22D007A4020 /* Cat1.mp3 */ = {isa = PBXFileReference; lastKnownFileType = audio.mp3; path = Cat1.mp3; sourceTree = "<group>"; };
		18DE131E1B50A22D007A4020 /* Cat2.mp3 */ = {isa = PBXFileReference; lastKnownFileType = audio.mp3; path = Cat2.mp3; sourceTree = "<group>"; };
		18DE131F1B50A22D007A4020 /* Cat3.mp3 */ = {isa = PBXFileReference; lastKnownFileType = audio.mp3; path = Cat3.mp3; sourceTree = "<group>"; };
		18DE13201B50A22D007A4020 /* Cat4.mp3 */ = {isa = PBXFileReference; lastKnownFileType = audio.mp3; path = Cat4.mp3; sourceTree = "<group>"; };
		18DE13211B50A22D007A4020 /* Cat5.mp3 */ = {isa = PBXFileReference; lastKnownFileType = audio.mp3; path = Cat5.mp3; sourceTree = "<group>"; };
		18DE13221B50A22D007A4020 /* Cat6.mp3 */ = {isa = PBXFileReference; lastKnownFileType = audio.mp3; path = Cat6.mp3; sourceTree = "<group>"; };
		18DE13231B50A22D007A4020 /* Cat7.mp3 */ = {isa = PBXFileReference; lastKnownFileType = audio.mp3; path = Cat7.mp3; sourceTree = "<group>"; };
		18DE13241B50A22D007A4020 /* Cat8.mp3 */ = {isa = PBXFileReference; lastKnownFileType = audio.mp3; path = Cat8.mp3; sourceTree = "<group>"; };
		18DE13251B50A22D007A4020 /* Cat9.mp3 */ = {isa = PBXFileReference; lastKnownFileType = audio.mp3; path = Cat9.mp3; sourceTree = "<group>"; };
		18DE13271B50A22D007A4020 /* Cat11.mp3 */ = {isa = PBXFileReference; lastKnownFileType = audio.mp3; path = Cat11.mp3; sourceTree = "<group>"; };
		18DE13371B50A3C6007A4020 /* Cat10.mp3 */ = {isa = PBXFileReference; lastKnownFileType = audio.mp3; path = Cat10.mp3; sourceTree = "<group>"; };
		18F428151B51C7CF000E3C0D /* AboutViewController.swift */ = {isa = PBXFileReference; fileEncoding = 4; lastKnownFileType = sourcecode.swift; path = AboutViewController.swift; sourceTree = "<group>"; };
		18F428171B51D255000E3C0D /* MessageUI.framework */ = {isa = PBXFileReference; lastKnownFileType = wrapper.framework; name = MessageUI.framework; path = System/Library/Frameworks/MessageUI.framework; sourceTree = SDKROOT; };
		18F428211B522068000E3C0D /* Images.xcassets */ = {isa = PBXFileReference; lastKnownFileType = folder.assetcatalog; path = Images.xcassets; sourceTree = "<group>"; };
/* End PBXFileReference section */

/* Begin PBXFrameworksBuildPhase section */
		18B52F0F1B4DCB7A00C1C458 /* Frameworks */ = {
			isa = PBXFrameworksBuildPhase;
			buildActionMask = 2147483647;
			files = (
				18F428181B51D255000E3C0D /* MessageUI.framework in Frameworks */,
				186CA66C1B4F50110045A3A8 /* AVFoundation.framework in Frameworks */,
			);
			runOnlyForDeploymentPostprocessing = 0;
		};
		18B52F241B4DCB7A00C1C458 /* Frameworks */ = {
			isa = PBXFrameworksBuildPhase;
			buildActionMask = 2147483647;
			files = (
			);
			runOnlyForDeploymentPostprocessing = 0;
		};
/* End PBXFrameworksBuildPhase section */

/* Begin PBXGroup section */
		186CA6691B4F4F960045A3A8 /* DogSound */ = {
			isa = PBXGroup;
			children = (
				186CA6511B4F4F890045A3A8 /* Dog0.mp3 */,
				186CA6521B4F4F890045A3A8 /* Dog1.mp3 */,
				186CA6531B4F4F890045A3A8 /* Dog2.mp3 */,
				186CA6541B4F4F890045A3A8 /* Dog3.mp3 */,
				186CA6551B4F4F890045A3A8 /* Dog4.mp3 */,
				186CA6561B4F4F890045A3A8 /* Dog5.mp3 */,
				186CA6571B4F4F890045A3A8 /* Dog6.mp3 */,
				186CA6581B4F4F890045A3A8 /* Dog7.mp3 */,
				186CA6591B4F4F890045A3A8 /* Dog8.mp3 */,
				186CA65A1B4F4F890045A3A8 /* Dog9.mp3 */,
				186CA65B1B4F4F890045A3A8 /* Dog10.mp3 */,
				186CA65C1B4F4F890045A3A8 /* Dog11.mp3 */,
			);
			name = DogSound;
			sourceTree = "<group>";
		};
		186CA66A1B4F4FAC0045A3A8 /* Sound */ = {
			isa = PBXGroup;
			children = (
				18BB34BB1B4F73BE002A5647 /* placeholder.mp3 */,
				18DE13341B50A233007A4020 /* CatSound */,
				186CA6691B4F4F960045A3A8 /* DogSound */,
			);
			name = Sound;
			sourceTree = "<group>";
		};
		18B52F091B4DCB7A00C1C458 = {
			isa = PBXGroup;
			children = (
				18B52F141B4DCB7A00C1C458 /* WoofMeow */,
				18B52F2A1B4DCB7A00C1C458 /* WoofMeowTests */,
				18B52F131B4DCB7A00C1C458 /* Products */,
				18F428201B521C00000E3C0D /* Frameworks */,
			);
			sourceTree = "<group>";
		};
		18B52F131B4DCB7A00C1C458 /* Products */ = {
			isa = PBXGroup;
			children = (
				18B52F121B4DCB7A00C1C458 /* WoofMeow.app */,
				18B52F271B4DCB7A00C1C458 /* WoofMeowTests.xctest */,
			);
			name = Products;
			sourceTree = "<group>";
		};
		18B52F141B4DCB7A00C1C458 /* WoofMeow */ = {
			isa = PBXGroup;
			children = (
				18F4281C1B521B83000E3C0D /* Model */,
				18F4281B1B521B66000E3C0D /* Controllers */,
				18F4281D1B521B97000E3C0D /* Storyboards & Nibs */,
				18F4281E1B521BCC000E3C0D /* Other */,
				18F4281F1B521BEB000E3C0D /* Assets */,
				18B52F151B4DCB7A00C1C458 /* Supporting Files */,
			);
			path = WoofMeow;
			sourceTree = "<group>";
		};
		18B52F151B4DCB7A00C1C458 /* Supporting Files */ = {
			isa = PBXGroup;
			children = (
				18B52F161B4DCB7A00C1C458 /* Info.plist */,
			);
			name = "Supporting Files";
			sourceTree = "<group>";
		};
		18B52F2A1B4DCB7A00C1C458 /* WoofMeowTests */ = {
			isa = PBXGroup;
			children = (
				18B52F2D1B4DCB7A00C1C458 /* WoofMeowTests.swift */,
				18B52F2B1B4DCB7A00C1C458 /* Supporting Files */,
			);
			path = WoofMeowTests;
			sourceTree = "<group>";
		};
		18B52F2B1B4DCB7A00C1C458 /* Supporting Files */ = {
			isa = PBXGroup;
			children = (
				18B52F2C1B4DCB7A00C1C458 /* Info.plist */,
			);
			name = "Supporting Files";
			sourceTree = "<group>";
		};
		18DE13341B50A233007A4020 /* CatSound */ = {
			isa = PBXGroup;
			children = (
				18DE131C1B50A22D007A4020 /* Cat0.mp3 */,
				18DE131D1B50A22D007A4020 /* Cat1.mp3 */,
				18DE131E1B50A22D007A4020 /* Cat2.mp3 */,
				18DE131F1B50A22D007A4020 /* Cat3.mp3 */,
				18DE13201B50A22D007A4020 /* Cat4.mp3 */,
				18DE13211B50A22D007A4020 /* Cat5.mp3 */,
				18DE13221B50A22D007A4020 /* Cat6.mp3 */,
				18DE13231B50A22D007A4020 /* Cat7.mp3 */,
				18DE13241B50A22D007A4020 /* Cat8.mp3 */,
				18DE13251B50A22D007A4020 /* Cat9.mp3 */,
				18DE13371B50A3C6007A4020 /* Cat10.mp3 */,
				18DE13271B50A22D007A4020 /* Cat11.mp3 */,
			);
			name = CatSound;
			sourceTree = "<group>";
		};
		18F4281B1B521B66000E3C0D /* Controllers */ = {
			isa = PBXGroup;
			children = (
				18B52F191B4DCB7A00C1C458 /* ViewController.swift */,
				18BB34B91B4F72B8002A5647 /* MeowViewController.swift */,
				18F428151B51C7CF000E3C0D /* AboutViewController.swift */,
			);
			name = Controllers;
			sourceTree = "<group>";
		};
		18F4281C1B521B83000E3C0D /* Model */ = {
			isa = PBXGroup;
			children = (
				18B52F651B4E318400C1C458 /* XHPet.swift */,
				18B52F671B4E354700C1C458 /* XHPetSet.swift */,
			);
			name = Model;
			sourceTree = "<group>";
		};
		18F4281D1B521B97000E3C0D /* Storyboards & Nibs */ = {
			isa = PBXGroup;
			children = (
				18B52F1B1B4DCB7A00C1C458 /* Main.storyboard */,
				18B52F201B4DCB7A00C1C458 /* LaunchScreen.xib */,
			);
			name = "Storyboards & Nibs";
			sourceTree = "<group>";
		};
		18F4281E1B521BCC000E3C0D /* Other */ = {
			isa = PBXGroup;
			children = (
				18B52F171B4DCB7A00C1C458 /* AppDelegate.swift */,
			);
			name = Other;
			sourceTree = "<group>";
		};
		18F4281F1B521BEB000E3C0D /* Assets */ = {
			isa = PBXGroup;
			children = (
				18F428211B522068000E3C0D /* Images.xcassets */,
				186CA66A1B4F4FAC0045A3A8 /* Sound */,
			);
			name = Assets;
			sourceTree = "<group>";
		};
		18F428201B521C00000E3C0D /* Frameworks */ = {
			isa = PBXGroup;
			children = (
				18F428171B51D255000E3C0D /* MessageUI.framework */,
				186CA66B1B4F50110045A3A8 /* AVFoundation.framework */,
			);
			name = Frameworks;
			sourceTree = "<group>";
		};
/* End PBXGroup section */

/* Begin PBXNativeTarget section */
		18B52F111B4DCB7A00C1C458 /* WoofMeow */ = {
			isa = PBXNativeTarget;
			buildConfigurationList = 18B52F311B4DCB7A00C1C458 /* Build configuration list for PBXNativeTarget "WoofMeow" */;
			buildPhases = (
				18B52F0E1B4DCB7A00C1C458 /* Sources */,
				18B52F0F1B4DCB7A00C1C458 /* Frameworks */,
				18B52F101B4DCB7A00C1C458 /* Resources */,
			);
			buildRules = (
			);
			dependencies = (
			);
			name = WoofMeow;
			productName = WoofMeow;
			productReference = 18B52F121B4DCB7A00C1C458 /* WoofMeow.app */;
			productType = "com.apple.product-type.application";
		};
		18B52F261B4DCB7A00C1C458 /* WoofMeowTests */ = {
			isa = PBXNativeTarget;
			buildConfigurationList = 18B52F341B4DCB7A00C1C458 /* Build configuration list for PBXNativeTarget "WoofMeowTests" */;
			buildPhases = (
				18B52F231B4DCB7A00C1C458 /* Sources */,
				18B52F241B4DCB7A00C1C458 /* Frameworks */,
				18B52F251B4DCB7A00C1C458 /* Resources */,
			);
			buildRules = (
			);
			dependencies = (
				18B52F291B4DCB7A00C1C458 /* PBXTargetDependency */,
			);
			name = WoofMeowTests;
			productName = WoofMeowTests;
			productReference = 18B52F271B4DCB7A00C1C458 /* WoofMeowTests.xctest */;
			productType = "com.apple.product-type.bundle.unit-test";
		};
/* End PBXNativeTarget section */

/* Begin PBXProject section */
		18B52F0A1B4DCB7A00C1C458 /* Project object */ = {
			isa = PBXProject;
			attributes = {
				LastUpgradeCheck = 0640;
				ORGANIZATIONNAME = XiaoHuang;
				TargetAttributes = {
					18B52F111B4DCB7A00C1C458 = {
						CreatedOnToolsVersion = 6.4;
						DevelopmentTeam = 959GHG2UU3;
					};
					18B52F261B4DCB7A00C1C458 = {
						CreatedOnToolsVersion = 6.4;
						TestTargetID = 18B52F111B4DCB7A00C1C458;
					};
				};
			};
			buildConfigurationList = 18B52F0D1B4DCB7A00C1C458 /* Build configuration list for PBXProject "WoofMeow" */;
			compatibilityVersion = "Xcode 3.2";
			developmentRegion = English;
			hasScannedForEncodings = 0;
			knownRegions = (
				en,
				Base,
			);
			mainGroup = 18B52F091B4DCB7A00C1C458;
			productRefGroup = 18B52F131B4DCB7A00C1C458 /* Products */;
			projectDirPath = "";
			projectRoot = "";
			targets = (
				18B52F111B4DCB7A00C1C458 /* WoofMeow */,
				18B52F261B4DCB7A00C1C458 /* WoofMeowTests */,
			);
		};
/* End PBXProject section */

/* Begin PBXResourcesBuildPhase section */
		18B52F101B4DCB7A00C1C458 /* Resources */ = {
			isa = PBXResourcesBuildPhase;
			buildActionMask = 2147483647;
			files = (
				18BB34BC1B4F73BE002A5647 /* placeholder.mp3 in Resources */,
				186CA6651B4F4F890045A3A8 /* Dog8.mp3 in Resources */,
				186CA6621B4F4F890045A3A8 /* Dog5.mp3 in Resources */,
				186CA65F1B4F4F890045A3A8 /* Dog2.mp3 in Resources */,
				186CA6631B4F4F890045A3A8 /* Dog6.mp3 in Resources */,
				18DE13311B50A22D007A4020 /* Cat9.mp3 in Resources */,
				186CA65D1B4F4F890045A3A8 /* Dog0.mp3 in Resources */,
				18DE13281B50A22D007A4020 /* Cat0.mp3 in Resources */,
				18DE13301B50A22D007A4020 /* Cat8.mp3 in Resources */,
				18F428221B522068000E3C0D /* Images.xcassets in Resources */,
				18B52F1D1B4DCB7A00C1C458 /* Main.storyboard in Resources */,
				186CA6661B4F4F890045A3A8 /* Dog9.mp3 in Resources */,
				18DE13291B50A22D007A4020 /* Cat1.mp3 in Resources */,
				186CA6641B4F4F890045A3A8 /* Dog7.mp3 in Resources */,
				18DE132D1B50A22D007A4020 /* Cat5.mp3 in Resources */,
				186CA65E1B4F4F890045A3A8 /* Dog1.mp3 in Resources */,
				186CA6611B4F4F890045A3A8 /* Dog4.mp3 in Resources */,
				186CA6671B4F4F890045A3A8 /* Dog10.mp3 in Resources */,
				186CA6681B4F4F890045A3A8 /* Dog11.mp3 in Resources */,
				18DE132C1B50A22D007A4020 /* Cat4.mp3 in Resources */,
				18DE132A1B50A22D007A4020 /* Cat2.mp3 in Resources */,
				18DE13331B50A22D007A4020 /* Cat11.mp3 in Resources */,
				18B52F221B4DCB7A00C1C458 /* LaunchScreen.xib in Resources */,
				18DE132B1B50A22D007A4020 /* Cat3.mp3 in Resources */,
				18DE132E1B50A22D007A4020 /* Cat6.mp3 in Resources */,
				18DE13381B50A3C6007A4020 /* Cat10.mp3 in Resources */,
				18DE132F1B50A22D007A4020 /* Cat7.mp3 in Resources */,
				186CA6601B4F4F890045A3A8 /* Dog3.mp3 in Resources */,
			);
			runOnlyForDeploymentPostprocessing = 0;
		};
		18B52F251B4DCB7A00C1C458 /* Resources */ = {
			isa = PBXResourcesBuildPhase;
			buildActionMask = 2147483647;
			files = (
			);
			runOnlyForDeploymentPostprocessing = 0;
		};
/* End PBXResourcesBuildPhase section */

/* Begin PBXSourcesBuildPhase section */
		18B52F0E1B4DCB7A00C1C458 /* Sources */ = {
			isa = PBXSourcesBuildPhase;
			buildActionMask = 2147483647;
			files = (
				18F428161B51C7CF000E3C0D /* AboutViewController.swift in Sources */,
				18B52F1A1B4DCB7A00C1C458 /* ViewController.swift in Sources */,
				18B52F661B4E318400C1C458 /* XHPet.swift in Sources */,
				18B52F681B4E354700C1C458 /* XHPetSet.swift in Sources */,
				18BB34BA1B4F72B9002A5647 /* MeowViewController.swift in Sources */,
				18B52F181B4DCB7A00C1C458 /* AppDelegate.swift in Sources */,
			);
			runOnlyForDeploymentPostprocessing = 0;
		};
		18B52F231B4DCB7A00C1C458 /* Sources */ = {
			isa = PBXSourcesBuildPhase;
			buildActionMask = 2147483647;
			files = (
				18B52F2E1B4DCB7A00C1C458 /* WoofMeowTests.swift in Sources */,
			);
			runOnlyForDeploymentPostprocessing = 0;
		};
/* End PBXSourcesBuildPhase section */

/* Begin PBXTargetDependency section */
		18B52F291B4DCB7A00C1C458 /* PBXTargetDependency */ = {
			isa = PBXTargetDependency;
			target = 18B52F111B4DCB7A00C1C458 /* WoofMeow */;
			targetProxy = 18B52F281B4DCB7A00C1C458 /* PBXContainerItemProxy */;
		};
/* End PBXTargetDependency section */

/* Begin PBXVariantGroup section */
		18B52F1B1B4DCB7A00C1C458 /* Main.storyboard */ = {
			isa = PBXVariantGroup;
			children = (
				18B52F1C1B4DCB7A00C1C458 /* Base */,
			);
			name = Main.storyboard;
			sourceTree = "<group>";
		};
		18B52F201B4DCB7A00C1C458 /* LaunchScreen.xib */ = {
			isa = PBXVariantGroup;
			children = (
				18B52F211B4DCB7A00C1C458 /* Base */,
			);
			name = LaunchScreen.xib;
			sourceTree = "<group>";
		};
/* End PBXVariantGroup section */

/* Begin XCBuildConfiguration section */
		18B52F2F1B4DCB7A00C1C458 /* Debug */ = {
			isa = XCBuildConfiguration;
			buildSettings = {
				ALWAYS_SEARCH_USER_PATHS = NO;
				CLANG_CXX_LANGUAGE_STANDARD = "gnu++0x";
				CLANG_CXX_LIBRARY = "libc++";
				CLANG_ENABLE_MODULES = YES;
				CLANG_ENABLE_OBJC_ARC = YES;
				CLANG_WARN_BOOL_CONVERSION = YES;
				CLANG_WARN_CONSTANT_CONVERSION = YES;
				CLANG_WARN_DIRECT_OBJC_ISA_USAGE = YES_ERROR;
				CLANG_WARN_EMPTY_BODY = YES;
				CLANG_WARN_ENUM_CONVERSION = YES;
				CLANG_WARN_INT_CONVERSION = YES;
				CLANG_WARN_OBJC_ROOT_CLASS = YES_ERROR;
				CLANG_WARN_UNREACHABLE_CODE = YES;
				CLANG_WARN__DUPLICATE_METHOD_MATCH = YES;
				"CODE_SIGN_IDENTITY[sdk=iphoneos*]" = "iPhone Developer";
				COPY_PHASE_STRIP = NO;
				DEBUG_INFORMATION_FORMAT = "dwarf-with-dsym";
				ENABLE_STRICT_OBJC_MSGSEND = YES;
				GCC_C_LANGUAGE_STANDARD = gnu99;
				GCC_DYNAMIC_NO_PIC = NO;
				GCC_NO_COMMON_BLOCKS = YES;
				GCC_OPTIMIZATION_LEVEL = 0;
				GCC_PREPROCESSOR_DEFINITIONS = (
					"DEBUG=1",
					"$(inherited)",
				);
				GCC_SYMBOLS_PRIVATE_EXTERN = NO;
				GCC_WARN_64_TO_32_BIT_CONVERSION = YES;
				GCC_WARN_ABOUT_RETURN_TYPE = YES_ERROR;
				GCC_WARN_UNDECLARED_SELECTOR = YES;
				GCC_WARN_UNINITIALIZED_AUTOS = YES_AGGRESSIVE;
				GCC_WARN_UNUSED_FUNCTION = YES;
				GCC_WARN_UNUSED_VARIABLE = YES;
				IPHONEOS_DEPLOYMENT_TARGET = 8.4;
				MTL_ENABLE_DEBUG_INFO = YES;
				ONLY_ACTIVE_ARCH = YES;
				SDKROOT = iphoneos;
				SWIFT_OPTIMIZATION_LEVEL = "-Onone";
				TARGETED_DEVICE_FAMILY = "1,2";
			};
			name = Debug;
		};
		18B52F301B4DCB7A00C1C458 /* Release */ = {
			isa = XCBuildConfiguration;
			buildSettings = {
				ALWAYS_SEARCH_USER_PATHS = NO;
				CLANG_CXX_LANGUAGE_STANDARD = "gnu++0x";
				CLANG_CXX_LIBRARY = "libc++";
				CLANG_ENABLE_MODULES = YES;
				CLANG_ENABLE_OBJC_ARC = YES;
				CLANG_WARN_BOOL_CONVERSION = YES;
				CLANG_WARN_CONSTANT_CONVERSION = YES;
				CLANG_WARN_DIRECT_OBJC_ISA_USAGE = YES_ERROR;
				CLANG_WARN_EMPTY_BODY = YES;
				CLANG_WARN_ENUM_CONVERSION = YES;
				CLANG_WARN_INT_CONVERSION = YES;
				CLANG_WARN_OBJC_ROOT_CLASS = YES_ERROR;
				CLANG_WARN_UNREACHABLE_CODE = YES;
				CLANG_WARN__DUPLICATE_METHOD_MATCH = YES;
				"CODE_SIGN_IDENTITY[sdk=iphoneos*]" = "iPhone Developer";
				COPY_PHASE_STRIP = NO;
				DEBUG_INFORMATION_FORMAT = "dwarf-with-dsym";
				ENABLE_NS_ASSERTIONS = NO;
				ENABLE_STRICT_OBJC_MSGSEND = YES;
				GCC_C_LANGUAGE_STANDARD = gnu99;
				GCC_NO_COMMON_BLOCKS = YES;
				GCC_WARN_64_TO_32_BIT_CONVERSION = YES;
				GCC_WARN_ABOUT_RETURN_TYPE = YES_ERROR;
				GCC_WARN_UNDECLARED_SELECTOR = YES;
				GCC_WARN_UNINITIALIZED_AUTOS = YES_AGGRESSIVE;
				GCC_WARN_UNUSED_FUNCTION = YES;
				GCC_WARN_UNUSED_VARIABLE = YES;
				IPHONEOS_DEPLOYMENT_TARGET = 8.4;
				MTL_ENABLE_DEBUG_INFO = NO;
				SDKROOT = iphoneos;
				TARGETED_DEVICE_FAMILY = "1,2";
				VALIDATE_PRODUCT = YES;
			};
			name = Release;
		};
		18B52F321B4DCB7A00C1C458 /* Debug */ = {
			isa = XCBuildConfiguration;
			buildSettings = {
				ASSETCATALOG_COMPILER_APPICON_NAME = AppIcon;
				CODE_SIGN_IDENTITY = "iPhone Developer";
				"CODE_SIGN_IDENTITY[sdk=iphoneos*]" = "iPhone Developer";
				INFOPLIST_FILE = WoofMeow/Info.plist;
				LD_RUNPATH_SEARCH_PATHS = "$(inherited) @executable_path/Frameworks";
				PRODUCT_NAME = "$(TARGET_NAME)";
				PROVISIONING_PROFILE = "";
			};
			name = Debug;
		};
		18B52F331B4DCB7A00C1C458 /* Release */ = {
			isa = XCBuildConfiguration;
			buildSettings = {
				ASSETCATALOG_COMPILER_APPICON_NAME = AppIcon;
				CODE_SIGN_IDENTITY = "iPhone Developer";
				"CODE_SIGN_IDENTITY[sdk=iphoneos*]" = "iPhone Developer";
				INFOPLIST_FILE = WoofMeow/Info.plist;
				LD_RUNPATH_SEARCH_PATHS = "$(inherited) @executable_path/Frameworks";
				PRODUCT_NAME = "$(TARGET_NAME)";
				PROVISIONING_PROFILE = "";
			};
			name = Release;
		};
		18B52F351B4DCB7A00C1C458 /* Debug */ = {
			isa = XCBuildConfiguration;
			buildSettings = {
				BUNDLE_LOADER = "$(TEST_HOST)";
				FRAMEWORK_SEARCH_PATHS = (
					"$(SDKROOT)/Developer/Library/Frameworks",
					"$(inherited)",
				);
				GCC_PREPROCESSOR_DEFINITIONS = (
					"DEBUG=1",
					"$(inherited)",
				);
				INFOPLIST_FILE = WoofMeowTests/Info.plist;
				LD_RUNPATH_SEARCH_PATHS = "$(inherited) @executable_path/Frameworks @loader_path/Frameworks";
				PRODUCT_NAME = "$(TARGET_NAME)";
				TEST_HOST = "$(BUILT_PRODUCTS_DIR)/WoofMeow.app/WoofMeow";
			};
			name = Debug;
		};
		18B52F361B4DCB7A00C1C458 /* Release */ = {
			isa = XCBuildConfiguration;
			buildSettings = {
				BUNDLE_LOADER = "$(TEST_HOST)";
				FRAMEWORK_SEARCH_PATHS = (
					"$(SDKROOT)/Developer/Library/Frameworks",
					"$(inherited)",
				);
				INFOPLIST_FILE = WoofMeowTests/Info.plist;
				LD_RUNPATH_SEARCH_PATHS = "$(inherited) @executable_path/Frameworks @loader_path/Frameworks";
				PRODUCT_NAME = "$(TARGET_NAME)";
				TEST_HOST = "$(BUILT_PRODUCTS_DIR)/WoofMeow.app/WoofMeow";
			};
			name = Release;
		};
/* End XCBuildConfiguration section */

/* Begin XCConfigurationList section */
		18B52F0D1B4DCB7A00C1C458 /* Build configuration list for PBXProject "WoofMeow" */ = {
			isa = XCConfigurationList;
			buildConfigurations = (
				18B52F2F1B4DCB7A00C1C458 /* Debug */,
				18B52F301B4DCB7A00C1C458 /* Release */,
			);
			defaultConfigurationIsVisible = 0;
			defaultConfigurationName = Release;
		};
		18B52F311B4DCB7A00C1C458 /* Build configuration list for PBXNativeTarget "WoofMeow" */ = {
			isa = XCConfigurationList;
			buildConfigurations = (
				18B52F321B4DCB7A00C1C458 /* Debug */,
				18B52F331B4DCB7A00C1C458 /* Release */,
			);
			defaultConfigurationIsVisible = 0;
			defaultConfigurationName = Release;
		};
		18B52F341B4DCB7A00C1C458 /* Build configuration list for PBXNativeTarget "WoofMeowTests" */ = {
			isa = XCConfigurationList;
			buildConfigurations = (
				18B52F351B4DCB7A00C1C458 /* Debug */,
				18B52F361B4DCB7A00C1C458 /* Release */,
			);
			defaultConfigurationIsVisible = 0;
			defaultConfigurationName = Release;
		};
/* End XCConfigurationList section */
	};
	rootObject = 18B52F0A1B4DCB7A00C1C458 /* Project object */;
}
